// !$*UTF8*$!
{
	archiveVersion = 1;
	classes = {
	};
	objectVersion = 56;
	objects = {

/* Begin PBXBuildFile section */
		8305A8B62C48A360008515C6 /* LoginViewModel.swift in Sources */ = {isa = PBXBuildFile; fileRef = 8305A8B52C48A360008515C6 /* LoginViewModel.swift */; };
		8333DD752C448FFC00691C35 /* AppDelegate.swift in Sources */ = {isa = PBXBuildFile; fileRef = 8333DD742C448FFC00691C35 /* AppDelegate.swift */; };
		8333DD772C448FFC00691C35 /* SceneDelegate.swift in Sources */ = {isa = PBXBuildFile; fileRef = 8333DD762C448FFC00691C35 /* SceneDelegate.swift */; };
		8333DD792C448FFC00691C35 /* LoginViewController.swift in Sources */ = {isa = PBXBuildFile; fileRef = 8333DD782C448FFC00691C35 /* LoginViewController.swift */; };
		8333DD7E2C448FFE00691C35 /* Assets.xcassets in Resources */ = {isa = PBXBuildFile; fileRef = 8333DD7D2C448FFE00691C35 /* Assets.xcassets */; };
		8333DD812C448FFE00691C35 /* Base in Resources */ = {isa = PBXBuildFile; fileRef = 8333DD802C448FFE00691C35 /* Base */; };
		8333DD892C4491BD00691C35 /* LoginView.swift in Sources */ = {isa = PBXBuildFile; fileRef = 8333DD882C4491BD00691C35 /* LoginView.swift */; };
		8333DD8F2C4493D700691C35 /* UIFont+Extension.swift in Sources */ = {isa = PBXBuildFile; fileRef = 8333DD8E2C4493D700691C35 /* UIFont+Extension.swift */; };
		83BA88502C449A3A00902D41 /* ViewCodable.swift in Sources */ = {isa = PBXBuildFile; fileRef = 83BA884F2C449A3A00902D41 /* ViewCodable.swift */; };
		83BA88532C449DD500902D41 /* Roboto-Black.ttf in Resources */ = {isa = PBXBuildFile; fileRef = 83BA88522C449DD500902D41 /* Roboto-Black.ttf */; };
		83BA88552C449DDF00902D41 /* Roboto-Regular.ttf in Resources */ = {isa = PBXBuildFile; fileRef = 83BA88542C449DDF00902D41 /* Roboto-Regular.ttf */; };
		83BA88572C449DE600902D41 /* Roboto-Bold.ttf in Resources */ = {isa = PBXBuildFile; fileRef = 83BA88562C449DE600902D41 /* Roboto-Bold.ttf */; };
		83BA88592C44D5E200902D41 /* UIColor+Extension.swift in Sources */ = {isa = PBXBuildFile; fileRef = 83BA88582C44D5E200902D41 /* UIColor+Extension.swift */; };
/* End PBXBuildFile section */

/* Begin PBXFileReference section */
		8305A8B52C48A360008515C6 /* LoginViewModel.swift */ = {isa = PBXFileReference; lastKnownFileType = sourcecode.swift; path = LoginViewModel.swift; sourceTree = "<group>"; };
		8333DD712C448FFC00691C35 /* loginSocial-devpoli.app */ = {isa = PBXFileReference; explicitFileType = wrapper.application; includeInIndex = 0; path = "loginSocial-devpoli.app"; sourceTree = BUILT_PRODUCTS_DIR; };
		8333DD742C448FFC00691C35 /* AppDelegate.swift */ = {isa = PBXFileReference; lastKnownFileType = sourcecode.swift; path = AppDelegate.swift; sourceTree = "<group>"; };
		8333DD762C448FFC00691C35 /* SceneDelegate.swift */ = {isa = PBXFileReference; lastKnownFileType = sourcecode.swift; path = SceneDelegate.swift; sourceTree = "<group>"; };
		8333DD782C448FFC00691C35 /* LoginViewController.swift */ = {isa = PBXFileReference; lastKnownFileType = sourcecode.swift; path = LoginViewController.swift; sourceTree = "<group>"; };
		8333DD7D2C448FFE00691C35 /* Assets.xcassets */ = {isa = PBXFileReference; lastKnownFileType = folder.assetcatalog; path = Assets.xcassets; sourceTree = "<group>"; };
		8333DD802C448FFE00691C35 /* Base */ = {isa = PBXFileReference; lastKnownFileType = file.storyboard; name = Base; path = Base.lproj/LaunchScreen.storyboard; sourceTree = "<group>"; };
		8333DD882C4491BD00691C35 /* LoginView.swift */ = {isa = PBXFileReference; lastKnownFileType = sourcecode.swift; path = LoginView.swift; sourceTree = "<group>"; };
		8333DD8E2C4493D700691C35 /* UIFont+Extension.swift */ = {isa = PBXFileReference; lastKnownFileType = sourcecode.swift; path = "UIFont+Extension.swift"; sourceTree = "<group>"; };
		83BA884F2C449A3A00902D41 /* ViewCodable.swift */ = {isa = PBXFileReference; lastKnownFileType = sourcecode.swift; path = ViewCodable.swift; sourceTree = "<group>"; };
		83BA88522C449DD500902D41 /* Roboto-Black.ttf */ = {isa = PBXFileReference; lastKnownFileType = file; path = "Roboto-Black.ttf"; sourceTree = "<group>"; };
		83BA88542C449DDF00902D41 /* Roboto-Regular.ttf */ = {isa = PBXFileReference; lastKnownFileType = file; path = "Roboto-Regular.ttf"; sourceTree = "<group>"; };
		83BA88562C449DE600902D41 /* Roboto-Bold.ttf */ = {isa = PBXFileReference; lastKnownFileType = file; path = "Roboto-Bold.ttf"; sourceTree = "<group>"; };
		83BA88582C44D5E200902D41 /* UIColor+Extension.swift */ = {isa = PBXFileReference; lastKnownFileType = sourcecode.swift; path = "UIColor+Extension.swift"; sourceTree = "<group>"; };
/* End PBXFileReference section */

/* Begin PBXFrameworksBuildPhase section */
		8333DD6E2C448FFC00691C35 /* Frameworks */ = {
			isa = PBXFrameworksBuildPhase;
			buildActionMask = 2147483647;
			files = (
			);
			runOnlyForDeploymentPostprocessing = 0;
		};
/* End PBXFrameworksBuildPhase section */

/* Begin PBXGroup section */
		8305A8B42C48A347008515C6 /* Login */ = {
			isa = PBXGroup;
			children = (
				8333DD882C4491BD00691C35 /* LoginView.swift */,
				8333DD782C448FFC00691C35 /* LoginViewController.swift */,
				8305A8B52C48A360008515C6 /* LoginViewModel.swift */,
			);
			path = Login;
			sourceTree = "<group>";
		};
		8333DD682C448FFC00691C35 = {
			isa = PBXGroup;
			children = (
				8333DD732C448FFC00691C35 /* loginSocial-devpoli */,
				8333DD722C448FFC00691C35 /* Products */,
			);
			sourceTree = "<group>";
		};
		8333DD722C448FFC00691C35 /* Products */ = {
			isa = PBXGroup;
			children = (
				8333DD712C448FFC00691C35 /* loginSocial-devpoli.app */,
			);
			name = Products;
			sourceTree = "<group>";
		};
		8333DD732C448FFC00691C35 /* loginSocial-devpoli */ = {
			isa = PBXGroup;
			children = (
				8305A8B42C48A347008515C6 /* Login */,
				8333DD8A2C44932500691C35 /* Utils */,
				8333DD742C448FFC00691C35 /* AppDelegate.swift */,
				8333DD762C448FFC00691C35 /* SceneDelegate.swift */,
				8333DD7D2C448FFE00691C35 /* Assets.xcassets */,
				8333DD7F2C448FFE00691C35 /* LaunchScreen.storyboard */,
			);
			path = "loginSocial-devpoli";
			sourceTree = "<group>";
		};
		8333DD8A2C44932500691C35 /* Utils */ = {
			isa = PBXGroup;
			children = (
				83BA885A2C44D5E800902D41 /* Extensions */,
				8333DD8B2C44932C00691C35 /* Fonts */,
				83BA884F2C449A3A00902D41 /* ViewCodable.swift */,
			);
			path = Utils;
			sourceTree = "<group>";
		};
		8333DD8B2C44932C00691C35 /* Fonts */ = {
			isa = PBXGroup;
			children = (
				83BA88562C449DE600902D41 /* Roboto-Bold.ttf */,
				83BA88542C449DDF00902D41 /* Roboto-Regular.ttf */,
				83BA88522C449DD500902D41 /* Roboto-Black.ttf */,
			);
			path = Fonts;
			sourceTree = "<group>";
		};
		83BA885A2C44D5E800902D41 /* Extensions */ = {
			isa = PBXGroup;
			children = (
				8333DD8E2C4493D700691C35 /* UIFont+Extension.swift */,
				83BA88582C44D5E200902D41 /* UIColor+Extension.swift */,
			);
			path = Extensions;
			sourceTree = "<group>";
		};
/* End PBXGroup section */

/* Begin PBXNativeTarget section */
		8333DD702C448FFC00691C35 /* loginSocial-devpoli */ = {
			isa = PBXNativeTarget;
			buildConfigurationList = 8333DD852C448FFE00691C35 /* Build configuration list for PBXNativeTarget "loginSocial-devpoli" */;
			buildPhases = (
				8333DD6D2C448FFC00691C35 /* Sources */,
				8333DD6E2C448FFC00691C35 /* Frameworks */,
				8333DD6F2C448FFC00691C35 /* Resources */,
			);
			buildRules = (
			);
			dependencies = (
			);
			name = "loginSocial-devpoli";
			productName = "loginSocial-devpoli";
			productReference = 8333DD712C448FFC00691C35 /* loginSocial-devpoli.app */;
			productType = "com.apple.product-type.application";
		};
/* End PBXNativeTarget section */

/* Begin PBXProject section */
		8333DD692C448FFC00691C35 /* Project object */ = {
			isa = PBXProject;
			attributes = {
				BuildIndependentTargetsInParallel = 1;
				LastSwiftUpdateCheck = 1530;
				LastUpgradeCheck = 1530;
				TargetAttributes = {
					8333DD702C448FFC00691C35 = {
						CreatedOnToolsVersion = 15.3;
					};
				};
			};
			buildConfigurationList = 8333DD6C2C448FFC00691C35 /* Build configuration list for PBXProject "loginSocial-devpoli" */;
			compatibilityVersion = "Xcode 14.0";
			developmentRegion = en;
			hasScannedForEncodings = 0;
			knownRegions = (
				en,
				Base,
			);
			mainGroup = 8333DD682C448FFC00691C35;
			productRefGroup = 8333DD722C448FFC00691C35 /* Products */;
			projectDirPath = "";
			projectRoot = "";
			targets = (
				8333DD702C448FFC00691C35 /* loginSocial-devpoli */,
			);
		};
/* End PBXProject section */

/* Begin PBXResourcesBuildPhase section */
		8333DD6F2C448FFC00691C35 /* Resources */ = {
			isa = PBXResourcesBuildPhase;
			buildActionMask = 2147483647;
			files = (
				8333DD7E2C448FFE00691C35 /* Assets.xcassets in Resources */,
				8333DD812C448FFE00691C35 /* Base in Resources */,
				83BA88572C449DE600902D41 /* Roboto-Bold.ttf in Resources */,
				83BA88552C449DDF00902D41 /* Roboto-Regular.ttf in Resources */,
				83BA88532C449DD500902D41 /* Roboto-Black.ttf in Resources */,
			);
			runOnlyForDeploymentPostprocessing = 0;
		};
/* End PBXResourcesBuildPhase section */

/* Begin PBXSourcesBuildPhase section */
		8333DD6D2C448FFC00691C35 /* Sources */ = {
			isa = PBXSourcesBuildPhase;
			buildActionMask = 2147483647;
			files = (
				83BA88592C44D5E200902D41 /* UIColor+Extension.swift in Sources */,
				8333DD792C448FFC00691C35 /* LoginViewController.swift in Sources */,
				8333DD752C448FFC00691C35 /* AppDelegate.swift in Sources */,
				8333DD892C4491BD00691C35 /* LoginView.swift in Sources */,
				8305A8B62C48A360008515C6 /* LoginViewModel.swift in Sources */,
				8333DD8F2C4493D700691C35 /* UIFont+Extension.swift in Sources */,
				8333DD772C448FFC00691C35 /* SceneDelegate.swift in Sources */,
				83BA88502C449A3A00902D41 /* ViewCodable.swift in Sources */,
			);
			runOnlyForDeploymentPostprocessing = 0;
		};
/* End PBXSourcesBuildPhase section */

/* Begin PBXVariantGroup section */
		8333DD7F2C448FFE00691C35 /* LaunchScreen.storyboard */ = {
			isa = PBXVariantGroup;
			children = (
				8333DD802C448FFE00691C35 /* Base */,
			);
			name = LaunchScreen.storyboard;
			sourceTree = "<group>";
		};
/* End PBXVariantGroup section */

/* Begin XCBuildConfiguration section */
		8333DD832C448FFE00691C35 /* Debug */ = {
			isa = XCBuildConfiguration;
			buildSettings = {
				ALWAYS_SEARCH_USER_PATHS = NO;
				ASSETCATALOG_COMPILER_GENERATE_SWIFT_ASSET_SYMBOL_EXTENSIONS = YES;
				CLANG_ANALYZER_NONNULL = YES;
				CLANG_ANALYZER_NUMBER_OBJECT_CONVERSION = YES_AGGRESSIVE;
				CLANG_CXX_LANGUAGE_STANDARD = "gnu++20";
				CLANG_ENABLE_MODULES = YES;
				CLANG_ENABLE_OBJC_ARC = YES;
				CLANG_ENABLE_OBJC_WEAK = YES;
				CLANG_WARN_BLOCK_CAPTURE_AUTORELEASING = YES;
				CLANG_WARN_BOOL_CONVERSION = YES;
				CLANG_WARN_COMMA = YES;
				CLANG_WARN_CONSTANT_CONVERSION = YES;
				CLANG_WARN_DEPRECATED_OBJC_IMPLEMENTATIONS = YES;
				CLANG_WARN_DIRECT_OBJC_ISA_USAGE = YES_ERROR;
				CLANG_WARN_DOCUMENTATION_COMMENTS = YES;
				CLANG_WARN_EMPTY_BODY = YES;
				CLANG_WARN_ENUM_CONVERSION = YES;
				CLANG_WARN_INFINITE_RECURSION = YES;
				CLANG_WARN_INT_CONVERSION = YES;
				CLANG_WARN_NON_LITERAL_NULL_CONVERSION = YES;
				CLANG_WARN_OBJC_IMPLICIT_RETAIN_SELF = YES;
				CLANG_WARN_OBJC_LITERAL_CONVERSION = YES;
				CLANG_WARN_OBJC_ROOT_CLASS = YES_ERROR;
				CLANG_WARN_QUOTED_INCLUDE_IN_FRAMEWORK_HEADER = YES;
				CLANG_WARN_RANGE_LOOP_ANALYSIS = YES;
				CLANG_WARN_STRICT_PROTOTYPES = YES;
				CLANG_WARN_SUSPICIOUS_MOVE = YES;
				CLANG_WARN_UNGUARDED_AVAILABILITY = YES_AGGRESSIVE;
				CLANG_WARN_UNREACHABLE_CODE = YES;
				CLANG_WARN__DUPLICATE_METHOD_MATCH = YES;
				COPY_PHASE_STRIP = NO;
				DEBUG_INFORMATION_FORMAT = dwarf;
				ENABLE_STRICT_OBJC_MSGSEND = YES;
				ENABLE_TESTABILITY = YES;
				ENABLE_USER_SCRIPT_SANDBOXING = YES;
				GCC_C_LANGUAGE_STANDARD = gnu17;
				GCC_DYNAMIC_NO_PIC = NO;
				GCC_NO_COMMON_BLOCKS = YES;
				GCC_OPTIMIZATION_LEVEL = 0;
				GCC_PREPROCESSOR_DEFINITIONS = (
					"DEBUG=1",
					"$(inherited)",
				);
				GCC_WARN_64_TO_32_BIT_CONVERSION = YES;
				GCC_WARN_ABOUT_RETURN_TYPE = YES_ERROR;
				GCC_WARN_UNDECLARED_SELECTOR = YES;
				GCC_WARN_UNINITIALIZED_AUTOS = YES_AGGRESSIVE;
				GCC_WARN_UNUSED_FUNCTION = YES;
				GCC_WARN_UNUSED_VARIABLE = YES;
				IPHONEOS_DEPLOYMENT_TARGET = 17.4;
				LOCALIZATION_PREFERS_STRING_CATALOGS = YES;
				MTL_ENABLE_DEBUG_INFO = INCLUDE_SOURCE;
				MTL_FAST_MATH = YES;
				ONLY_ACTIVE_ARCH = YES;
				SDKROOT = iphoneos;
				SWIFT_ACTIVE_COMPILATION_CONDITIONS = "DEBUG $(inherited)";
				SWIFT_OPTIMIZATION_LEVEL = "-Onone";
			};
			name = Debug;
		};
		8333DD842C448FFE00691C35 /* Release */ = {
			isa = XCBuildConfiguration;
			buildSettings = {
				ALWAYS_SEARCH_USER_PATHS = NO;
				ASSETCATALOG_COMPILER_GENERATE_SWIFT_ASSET_SYMBOL_EXTENSIONS = YES;
				CLANG_ANALYZER_NONNULL = YES;
				CLANG_ANALYZER_NUMBER_OBJECT_CONVERSION = YES_AGGRESSIVE;
				CLANG_CXX_LANGUAGE_STANDARD = "gnu++20";
				CLANG_ENABLE_MODULES = YES;
				CLANG_ENABLE_OBJC_ARC = YES;
				CLANG_ENABLE_OBJC_WEAK = YES;
				CLANG_WARN_BLOCK_CAPTURE_AUTORELEASING = YES;
				CLANG_WARN_BOOL_CONVERSION = YES;
				CLANG_WARN_COMMA = YES;
				CLANG_WARN_CONSTANT_CONVERSION = YES;
				CLANG_WARN_DEPRECATED_OBJC_IMPLEMENTATIONS = YES;
				CLANG_WARN_DIRECT_OBJC_ISA_USAGE = YES_ERROR;
				CLANG_WARN_DOCUMENTATION_COMMENTS = YES;
				CLANG_WARN_EMPTY_BODY = YES;
				CLANG_WARN_ENUM_CONVERSION = YES;
				CLANG_WARN_INFINITE_RECURSION = YES;
				CLANG_WARN_INT_CONVERSION = YES;
				CLANG_WARN_NON_LITERAL_NULL_CONVERSION = YES;
				CLANG_WARN_OBJC_IMPLICIT_RETAIN_SELF = YES;
				CLANG_WARN_OBJC_LITERAL_CONVERSION = YES;
				CLANG_WARN_OBJC_ROOT_CLASS = YES_ERROR;
				CLANG_WARN_QUOTED_INCLUDE_IN_FRAMEWORK_HEADER = YES;
				CLANG_WARN_RANGE_LOOP_ANALYSIS = YES;
				CLANG_WARN_STRICT_PROTOTYPES = YES;
				CLANG_WARN_SUSPICIOUS_MOVE = YES;
				CLANG_WARN_UNGUARDED_AVAILABILITY = YES_AGGRESSIVE;
				CLANG_WARN_UNREACHABLE_CODE = YES;
				CLANG_WARN__DUPLICATE_METHOD_MATCH = YES;
				COPY_PHASE_STRIP = NO;
				DEBUG_INFORMATION_FORMAT = "dwarf-with-dsym";
				ENABLE_NS_ASSERTIONS = NO;
				ENABLE_STRICT_OBJC_MSGSEND = YES;
				ENABLE_USER_SCRIPT_SANDBOXING = YES;
				GCC_C_LANGUAGE_STANDARD = gnu17;
				GCC_NO_COMMON_BLOCKS = YES;
				GCC_WARN_64_TO_32_BIT_CONVERSION = YES;
				GCC_WARN_ABOUT_RETURN_TYPE = YES_ERROR;
				GCC_WARN_UNDECLARED_SELECTOR = YES;
				GCC_WARN_UNINITIALIZED_AUTOS = YES_AGGRESSIVE;
				GCC_WARN_UNUSED_FUNCTION = YES;
				GCC_WARN_UNUSED_VARIABLE = YES;
				IPHONEOS_DEPLOYMENT_TARGET = 17.4;
				LOCALIZATION_PREFERS_STRING_CATALOGS = YES;
				MTL_ENABLE_DEBUG_INFO = NO;
				MTL_FAST_MATH = YES;
				SDKROOT = iphoneos;
				SWIFT_COMPILATION_MODE = wholemodule;
				VALIDATE_PRODUCT = YES;
			};
			name = Release;
		};
		8333DD862C448FFE00691C35 /* Debug */ = {
			isa = XCBuildConfiguration;
			buildSettings = {
				ASSETCATALOG_COMPILER_APPICON_NAME = AppIcon;
				ASSETCATALOG_COMPILER_GLOBAL_ACCENT_COLOR_NAME = AccentColor;
				CODE_SIGN_STYLE = Automatic;
				CURRENT_PROJECT_VERSION = 1;
				DEVELOPMENT_TEAM = 732277KLEB;
				GENERATE_INFOPLIST_FILE = YES;
				INFOPLIST_FILE = "loginSocial-devpoli/Info.plist";
				INFOPLIST_KEY_UIApplicationSupportsIndirectInputEvents = YES;
				INFOPLIST_KEY_UILaunchStoryboardName = LaunchScreen;
				INFOPLIST_KEY_UIMainStoryboardFile = "";
				INFOPLIST_KEY_UISupportedInterfaceOrientations_iPad = "UIInterfaceOrientationPortrait UIInterfaceOrientationPortraitUpsideDown UIInterfaceOrientationLandscapeLeft UIInterfaceOrientationLandscapeRight";
				INFOPLIST_KEY_UISupportedInterfaceOrientations_iPhone = "UIInterfaceOrientationPortrait UIInterfaceOrientationLandscapeLeft UIInterfaceOrientationLandscapeRight";
				LD_RUNPATH_SEARCH_PATHS = (
					"$(inherited)",
					"@executable_path/Frameworks",
				);
				MARKETING_VERSION = 1.0;
				PRODUCT_BUNDLE_IDENTIFIER = "br.com.michellicristina.loginSocial-devpoli";
				PRODUCT_NAME = "$(TARGET_NAME)";
				SWIFT_EMIT_LOC_STRINGS = YES;
				SWIFT_VERSION = 5.0;
				TARGETED_DEVICE_FAMILY = "1,2";
			};
			name = Debug;
		};
		8333DD872C448FFE00691C35 /* Release */ = {
			isa = XCBuildConfiguration;
			buildSettings = {
				ASSETCATALOG_COMPILER_APPICON_NAME = AppIcon;
				ASSETCATALOG_COMPILER_GLOBAL_ACCENT_COLOR_NAME = AccentColor;
				CODE_SIGN_STYLE = Automatic;
				CURRENT_PROJECT_VERSION = 1;
				DEVELOPMENT_TEAM = 732277KLEB;
				GENERATE_INFOPLIST_FILE = YES;
				INFOPLIST_FILE = "loginSocial-devpoli/Info.plist";
				INFOPLIST_KEY_UIApplicationSupportsIndirectInputEvents = YES;
				INFOPLIST_KEY_UILaunchStoryboardName = LaunchScreen;
				INFOPLIST_KEY_UIMainStoryboardFile = "";
				INFOPLIST_KEY_UISupportedInterfaceOrientations_iPad = "UIInterfaceOrientationPortrait UIInterfaceOrientationPortraitUpsideDown UIInterfaceOrientationLandscapeLeft UIInterfaceOrientationLandscapeRight";
				INFOPLIST_KEY_UISupportedInterfaceOrientations_iPhone = "UIInterfaceOrientationPortrait UIInterfaceOrientationLandscapeLeft UIInterfaceOrientationLandscapeRight";
				LD_RUNPATH_SEARCH_PATHS = (
					"$(inherited)",
					"@executable_path/Frameworks",
				);
				MARKETING_VERSION = 1.0;
				PRODUCT_BUNDLE_IDENTIFIER = "br.com.michellicristina.loginSocial-devpoli";
				PRODUCT_NAME = "$(TARGET_NAME)";
				SWIFT_EMIT_LOC_STRINGS = YES;
				SWIFT_VERSION = 5.0;
				TARGETED_DEVICE_FAMILY = "1,2";
			};
			name = Release;
		};
/* End XCBuildConfiguration section */

/* Begin XCConfigurationList section */
		8333DD6C2C448FFC00691C35 /* Build configuration list for PBXProject "loginSocial-devpoli" */ = {
			isa = XCConfigurationList;
			buildConfigurations = (
				8333DD832C448FFE00691C35 /* Debug */,
				8333DD842C448FFE00691C35 /* Release */,
			);
			defaultConfigurationIsVisible = 0;
			defaultConfigurationName = Release;
		};
		8333DD852C448FFE00691C35 /* Build configuration list for PBXNativeTarget "loginSocial-devpoli" */ = {
			isa = XCConfigurationList;
			buildConfigurations = (
				8333DD862C448FFE00691C35 /* Debug */,
				8333DD872C448FFE00691C35 /* Release */,
			);
			defaultConfigurationIsVisible = 0;
			defaultConfigurationName = Release;
		};
/* End XCConfigurationList section */
	};
	rootObject = 8333DD692C448FFC00691C35 /* Project object */;
}
